
Microsoft Visual Studio Solution File, Format Version 12.00
# Visual Studio Version 17
VisualStudioVersion = 17.1.32319.34
MinimumVisualStudioVersion = 10.0.40219.1
Project("{9A19103F-16F7-4668-BE54-9A1E7A4F7556}") = "WebSiteProdutos", "WebSiteProdutos\WebSiteProdutos.csproj", "{13C0F85E-B920-4B12-B3BB-660AF1CE2EB8}"
EndProject
Global
	GlobalSection(SolutionConfigurationPlatforms) = preSolution
		Debug|Any CPU = Debug|Any CPU
		Release|Any CPU = Release|Any CPU
	EndGlobalSection
	GlobalSection(ProjectConfigurationPlatforms) = postSolution
		{13C0F85E-B920-4B12-B3BB-660AF1CE2EB8}.Debug|Any CPU.ActiveCfg = Debug|Any CPU
		{13C0F85E-B920-4B12-B3BB-660AF1CE2EB8}.Debug|Any CPU.Build.0 = Debug|Any CPU
		{13C0F85E-B920-4B12-B3BB-660AF1CE2EB8}.Release|Any CPU.ActiveCfg = Release|Any CPU
		{13C0F85E-B920-4B12-B3BB-660AF1CE2EB8}.Release|Any CPU.Build.0 = Release|Any CPU
	EndGlobalSection
	GlobalSection(SolutionProperties) = preSolution
		HideSolutionNode = FALSE
	EndGlobalSection
	GlobalSection(ExtensibilityGlobals) = postSolution
		SolutionGuid = {2A59D978-FAEB-4370-B470-218258FA6802}
	EndGlobalSection
EndGlobal
